// !$*UTF8*$!
{
	archiveVersion = 1;
	classes = {
	};
	objectVersion = 56;
	objects = {

/* Begin PBXBuildFile section */
		0ED072E72A13615100272470 /* DeviceActivity.framework in Frameworks */ = {isa = PBXBuildFile; fileRef = 0ED072E62A13615100272470 /* DeviceActivity.framework */; };
		0ED072EA2A13615100272470 /* DeviceActivityMonitorExtension.swift in Sources */ = {isa = PBXBuildFile; fileRef = 0ED072E92A13615100272470 /* DeviceActivityMonitorExtension.swift */; };
		0ED072EF2A13615100272470 /* DeviceActivityMonitorExtension.appex in Embed Foundation Extensions */ = {isa = PBXBuildFile; fileRef = 0ED072E42A13615100272470 /* DeviceActivityMonitorExtension.appex */; settings = {ATTRIBUTES = (RemoveHeadersOnCopy, ); }; };
		0ED072FA2A13617E00272470 /* ManagedSettings.framework in Frameworks */ = {isa = PBXBuildFile; fileRef = 0ED072F92A13617E00272470 /* ManagedSettings.framework */; };
		0ED072FD2A13617E00272470 /* ShieldActionExtension.swift in Sources */ = {isa = PBXBuildFile; fileRef = 0ED072FC2A13617E00272470 /* ShieldActionExtension.swift */; };
		0ED073022A13617E00272470 /* ShieldActionExtension.appex in Embed Foundation Extensions */ = {isa = PBXBuildFile; fileRef = 0ED072F82A13617E00272470 /* ShieldActionExtension.appex */; settings = {ATTRIBUTES = (RemoveHeadersOnCopy, ); }; };
		0ED0730B2A13619300272470 /* ManagedSettings.framework in Frameworks */ = {isa = PBXBuildFile; fileRef = 0ED072F92A13617E00272470 /* ManagedSettings.framework */; };
		0ED0730D2A13619300272470 /* ManagedSettingsUI.framework in Frameworks */ = {isa = PBXBuildFile; fileRef = 0ED0730C2A13619300272470 /* ManagedSettingsUI.framework */; };
		0ED073102A13619300272470 /* ShieldConfigurationExtension.swift in Sources */ = {isa = PBXBuildFile; fileRef = 0ED0730F2A13619300272470 /* ShieldConfigurationExtension.swift */; };
		0ED073152A13619300272470 /* ShieldConfigurationExtension.appex in Embed Foundation Extensions */ = {isa = PBXBuildFile; fileRef = 0ED0730A2A13619300272470 /* ShieldConfigurationExtension.appex */; settings = {ATTRIBUTES = (RemoveHeadersOnCopy, ); }; };
		0ED0731B2A13625700272470 /* MultiPicker.swift in Sources */ = {isa = PBXBuildFile; fileRef = 0ED0731A2A13625700272470 /* MultiPicker.swift */; };
		0ED0731D2A13629D00272470 /* OnboardingView3.swift in Sources */ = {isa = PBXBuildFile; fileRef = 0ED0731C2A13629D00272470 /* OnboardingView3.swift */; };
		0ED0731E2A1363F500272470 /* NotificationManager.swift in Sources */ = {isa = PBXBuildFile; fileRef = BB142F4B2A0C9B8F0080C843 /* NotificationManager.swift */; };
		135F75EB2A0FF89C00487299 /* LoadingView.swift in Sources */ = {isa = PBXBuildFile; fileRef = 135F75EA2A0FF89C00487299 /* LoadingView.swift */; };
		135F75ED2A0FFA9E00487299 /* LoadingBlinkView.swift in Sources */ = {isa = PBXBuildFile; fileRef = 135F75EC2A0FFA9E00487299 /* LoadingBlinkView.swift */; };
		138CDF9B2A99C556005A03AF /* OnboadrdingContent.swift in Sources */ = {isa = PBXBuildFile; fileRef = 138CDF9A2A99C556005A03AF /* OnboadrdingContent.swift */; };
		138EDC332A126E6300E57813 /* DeveloperRaw.swift in Sources */ = {isa = PBXBuildFile; fileRef = 138EDC322A126E6300E57813 /* DeveloperRaw.swift */; };
		138EDC352A126ED500E57813 /* MakesMembers.swift in Sources */ = {isa = PBXBuildFile; fileRef = 138EDC342A126ED500E57813 /* MakesMembers.swift */; };
		138EDC372A130EF900E57813 /* eyes.gif in Resources */ = {isa = PBXBuildFile; fileRef = 138EDC362A130EF900E57813 /* eyes.gif */; };
		13CAC9352A1162C300DC297F /* NextCard 2.gif in Resources */ = {isa = PBXBuildFile; fileRef = 13CAC9312A1162C300DC297F /* NextCard 2.gif */; };
		13CAC9362A1162C300DC297F /* onboardgif.gif in Resources */ = {isa = PBXBuildFile; fileRef = 13CAC9322A1162C300DC297F /* onboardgif.gif */; };
		13CAC9372A1162C300DC297F /* onboadingBlink.gif in Resources */ = {isa = PBXBuildFile; fileRef = 13CAC9332A1162C300DC297F /* onboadingBlink.gif */; };
		13CAC9382A1162C300DC297F /* onboadingSide.gif in Resources */ = {isa = PBXBuildFile; fileRef = 13CAC9342A1162C300DC297F /* onboadingSide.gif */; };
		13CAC93A2A11630500DC297F /* OnboardingCard.swift in Sources */ = {isa = PBXBuildFile; fileRef = 13CAC9392A11630500DC297F /* OnboardingCard.swift */; };
		13CAC93C2A11632200DC297F /* OnboardingView.swift in Sources */ = {isa = PBXBuildFile; fileRef = 13CAC93B2A11632200DC297F /* OnboardingView.swift */; };
		13CAC93E2A11633800DC297F /* OnboardingText.swift in Sources */ = {isa = PBXBuildFile; fileRef = 13CAC93D2A11633800DC297F /* OnboardingText.swift */; };
		13CAC9402A1169B900DC297F /* OnboardingCheckView.swift in Sources */ = {isa = PBXBuildFile; fileRef = 13CAC93F2A1169B900DC297F /* OnboardingCheckView.swift */; };
		13D24B962A0A83EA003C3CFB /* BlinkARViewContainer.swift in Sources */ = {isa = PBXBuildFile; fileRef = 13D24B952A0A83EA003C3CFB /* BlinkARViewContainer.swift */; };
		1A92DA732A10DD6E00E2F735 /* FinishView.swift in Sources */ = {isa = PBXBuildFile; fileRef = 1A92DA722A10DD6E00E2F735 /* FinishView.swift */; };
		7E47171B2A069CC30030AF1C /* Alert.swift in Sources */ = {isa = PBXBuildFile; fileRef = 7E4717152A069CC30030AF1C /* Alert.swift */; };
		7E47171C2A069CC30030AF1C /* Setting.swift in Sources */ = {isa = PBXBuildFile; fileRef = 7E4717162A069CC30030AF1C /* Setting.swift */; };
		7E47171D2A069CC30030AF1C /* EyeBlinking.swift in Sources */ = {isa = PBXBuildFile; fileRef = 7E4717172A069CC30030AF1C /* EyeBlinking.swift */; };
		7E47171E2A069CC30030AF1C /* ScreenTime.swift in Sources */ = {isa = PBXBuildFile; fileRef = 7E4717182A069CC30030AF1C /* ScreenTime.swift */; };
		7E47171F2A069CC30030AF1C /* SettingTime.swift in Sources */ = {isa = PBXBuildFile; fileRef = 7E4717192A069CC30030AF1C /* SettingTime.swift */; };
		7E4717202A069CC30030AF1C /* EyeMovingARViewContainer.swift in Sources */ = {isa = PBXBuildFile; fileRef = 7E47171A2A069CC30030AF1C /* EyeMovingARViewContainer.swift */; };
		7E4717292A069CE40030AF1C /* EyeBlinkingView.swift in Sources */ = {isa = PBXBuildFile; fileRef = 7E4717222A069CE40030AF1C /* EyeBlinkingView.swift */; };
		7E47172A2A069CE40030AF1C /* EyeMovingView.swift in Sources */ = {isa = PBXBuildFile; fileRef = 7E4717232A069CE40030AF1C /* EyeMovingView.swift */; };
		7E47172B2A069CE40030AF1C /* ContentView.swift in Sources */ = {isa = PBXBuildFile; fileRef = 7E4717242A069CE40030AF1C /* ContentView.swift */; };
		7E47172C2A069CE40030AF1C /* Button.swift in Sources */ = {isa = PBXBuildFile; fileRef = 7E4717262A069CE40030AF1C /* Button.swift */; };
		7E47172E2A069CE40030AF1C /* SettingView.swift in Sources */ = {isa = PBXBuildFile; fileRef = 7E4717282A069CE40030AF1C /* SettingView.swift */; };
		7E4717302A0C87BA0030AF1C /* ProgressBar.swift in Sources */ = {isa = PBXBuildFile; fileRef = 7E47172F2A0C87BA0030AF1C /* ProgressBar.swift */; };
		7E4717322A0C88000030AF1C /* HapticManager.swift in Sources */ = {isa = PBXBuildFile; fileRef = 7E4717312A0C88000030AF1C /* HapticManager.swift */; };
		7E4717422A1106690030AF1C /* BlinkingLoadingView.swift in Sources */ = {isa = PBXBuildFile; fileRef = 7E4717412A1106690030AF1C /* BlinkingLoadingView.swift */; };
		7E4717462A1133810030AF1C /* MovingLoadingView.swift in Sources */ = {isa = PBXBuildFile; fileRef = 7E4717452A1133810030AF1C /* MovingLoadingView.swift */; };
		7E4717482A114D0C0030AF1C /* NavigationUtil.swift in Sources */ = {isa = PBXBuildFile; fileRef = 7E4717472A114D0C0030AF1C /* NavigationUtil.swift */; };
		A231D8062A0DC80900072D20 /* 깜빡_splash.gif in Resources */ = {isa = PBXBuildFile; fileRef = A231D8052A0DC80900072D20 /* 깜빡_splash.gif */; };
		A231D8082A0DC81500072D20 /* 띠로링.mp3 in Resources */ = {isa = PBXBuildFile; fileRef = A231D8072A0DC81500072D20 /* 띠로링.mp3 */; };
		A231D80A2A0DC83500072D20 /* GifView.swift in Sources */ = {isa = PBXBuildFile; fileRef = A231D8092A0DC83500072D20 /* GifView.swift */; };
		A231D80C2A0DC85400072D20 /* MusicView.swift in Sources */ = {isa = PBXBuildFile; fileRef = A231D80B2A0DC85400072D20 /* MusicView.swift */; };
		A231D8582A10DB0F00072D20 /* SplashView.swift in Sources */ = {isa = PBXBuildFile; fileRef = A231D8572A10DB0F00072D20 /* SplashView.swift */; };
		BB142F032A02082A0080C843 /* MC2_Team4_KKAMPPAKApp.swift in Sources */ = {isa = PBXBuildFile; fileRef = BB142F022A02082A0080C843 /* MC2_Team4_KKAMPPAKApp.swift */; };
		BB142F072A02082B0080C843 /* Assets.xcassets in Resources */ = {isa = PBXBuildFile; fileRef = BB142F062A02082B0080C843 /* Assets.xcassets */; };
		BB142F0A2A02082B0080C843 /* Preview Assets.xcassets in Resources */ = {isa = PBXBuildFile; fileRef = BB142F092A02082B0080C843 /* Preview Assets.xcassets */; };
		BB142F152A0895660080C843 /* NoCard.swift in Sources */ = {isa = PBXBuildFile; fileRef = BB142F142A0895660080C843 /* NoCard.swift */; };
		BB142F172A09CE480080C843 /* CardStack.swift in Sources */ = {isa = PBXBuildFile; fileRef = BB142F162A09CE480080C843 /* CardStack.swift */; };
		BB142F4A2A0C9B0F0080C843 /* AppDelegate.swift in Sources */ = {isa = PBXBuildFile; fileRef = BB142F492A0C9B0F0080C843 /* AppDelegate.swift */; };
		BB142F4C2A0C9B8F0080C843 /* NotificationManager.swift in Sources */ = {isa = PBXBuildFile; fileRef = BB142F4B2A0C9B8F0080C843 /* NotificationManager.swift */; };
		BB142F502A0C9C5F0080C843 /* DemoView.swift in Sources */ = {isa = PBXBuildFile; fileRef = BB142F4F2A0C9C5F0080C843 /* DemoView.swift */; };
		BBD8E2D52A1145C000A0689A /* TimePicker.swift in Sources */ = {isa = PBXBuildFile; fileRef = BBD8E2D42A1145C000A0689A /* TimePicker.swift */; };
		BBD8E2D72A11F93F00A0689A /* OnboardingView2.swift in Sources */ = {isa = PBXBuildFile; fileRef = BBD8E2D62A11F93F00A0689A /* OnboardingView2.swift */; };
/* End PBXBuildFile section */

/* Begin PBXContainerItemProxy section */
		0ED072ED2A13615100272470 /* PBXContainerItemProxy */ = {
			isa = PBXContainerItemProxy;
			containerPortal = BB142EF72A0208290080C843 /* Project object */;
			proxyType = 1;
			remoteGlobalIDString = 0ED072E32A13615100272470;
			remoteInfo = DeviceActivityMonitorExtension;
		};
		0ED073002A13617E00272470 /* PBXContainerItemProxy */ = {
			isa = PBXContainerItemProxy;
			containerPortal = BB142EF72A0208290080C843 /* Project object */;
			proxyType = 1;
			remoteGlobalIDString = 0ED072F72A13617E00272470;
			remoteInfo = ShieldActionExtension;
		};
		0ED073132A13619300272470 /* PBXContainerItemProxy */ = {
			isa = PBXContainerItemProxy;
			containerPortal = BB142EF72A0208290080C843 /* Project object */;
			proxyType = 1;
			remoteGlobalIDString = 0ED073092A13619300272470;
			remoteInfo = ShieldConfigurationExtension;
		};
/* End PBXContainerItemProxy section */

/* Begin PBXCopyFilesBuildPhase section */
		0ED072F02A13615100272470 /* Embed Foundation Extensions */ = {
			isa = PBXCopyFilesBuildPhase;
			buildActionMask = 2147483647;
			dstPath = "";
			dstSubfolderSpec = 13;
			files = (
				0ED072EF2A13615100272470 /* DeviceActivityMonitorExtension.appex in Embed Foundation Extensions */,
				0ED073152A13619300272470 /* ShieldConfigurationExtension.appex in Embed Foundation Extensions */,
				0ED073022A13617E00272470 /* ShieldActionExtension.appex in Embed Foundation Extensions */,
			);
			name = "Embed Foundation Extensions";
			runOnlyForDeploymentPostprocessing = 0;
		};
/* End PBXCopyFilesBuildPhase section */

/* Begin PBXFileReference section */
		0ED072E42A13615100272470 /* DeviceActivityMonitorExtension.appex */ = {isa = PBXFileReference; explicitFileType = "wrapper.app-extension"; includeInIndex = 0; path = DeviceActivityMonitorExtension.appex; sourceTree = BUILT_PRODUCTS_DIR; };
		0ED072E62A13615100272470 /* DeviceActivity.framework */ = {isa = PBXFileReference; lastKnownFileType = wrapper.framework; name = DeviceActivity.framework; path = System/Library/Frameworks/DeviceActivity.framework; sourceTree = SDKROOT; };
		0ED072E92A13615100272470 /* DeviceActivityMonitorExtension.swift */ = {isa = PBXFileReference; lastKnownFileType = sourcecode.swift; path = DeviceActivityMonitorExtension.swift; sourceTree = "<group>"; };
		0ED072EB2A13615100272470 /* Info.plist */ = {isa = PBXFileReference; lastKnownFileType = text.plist.xml; path = Info.plist; sourceTree = "<group>"; };
		0ED072EC2A13615100272470 /* DeviceActivityMonitorExtension.entitlements */ = {isa = PBXFileReference; lastKnownFileType = text.plist.entitlements; path = DeviceActivityMonitorExtension.entitlements; sourceTree = "<group>"; };
		0ED072F82A13617E00272470 /* ShieldActionExtension.appex */ = {isa = PBXFileReference; explicitFileType = "wrapper.app-extension"; includeInIndex = 0; path = ShieldActionExtension.appex; sourceTree = BUILT_PRODUCTS_DIR; };
		0ED072F92A13617E00272470 /* ManagedSettings.framework */ = {isa = PBXFileReference; lastKnownFileType = wrapper.framework; name = ManagedSettings.framework; path = System/Library/Frameworks/ManagedSettings.framework; sourceTree = SDKROOT; };
		0ED072FC2A13617E00272470 /* ShieldActionExtension.swift */ = {isa = PBXFileReference; lastKnownFileType = sourcecode.swift; path = ShieldActionExtension.swift; sourceTree = "<group>"; };
		0ED072FE2A13617E00272470 /* Info.plist */ = {isa = PBXFileReference; lastKnownFileType = text.plist.xml; path = Info.plist; sourceTree = "<group>"; };
		0ED072FF2A13617E00272470 /* ShieldActionExtension.entitlements */ = {isa = PBXFileReference; lastKnownFileType = text.plist.entitlements; path = ShieldActionExtension.entitlements; sourceTree = "<group>"; };
		0ED0730A2A13619300272470 /* ShieldConfigurationExtension.appex */ = {isa = PBXFileReference; explicitFileType = "wrapper.app-extension"; includeInIndex = 0; path = ShieldConfigurationExtension.appex; sourceTree = BUILT_PRODUCTS_DIR; };
		0ED0730C2A13619300272470 /* ManagedSettingsUI.framework */ = {isa = PBXFileReference; lastKnownFileType = wrapper.framework; name = ManagedSettingsUI.framework; path = System/Library/Frameworks/ManagedSettingsUI.framework; sourceTree = SDKROOT; };
		0ED0730F2A13619300272470 /* ShieldConfigurationExtension.swift */ = {isa = PBXFileReference; lastKnownFileType = sourcecode.swift; path = ShieldConfigurationExtension.swift; sourceTree = "<group>"; };
		0ED073112A13619300272470 /* Info.plist */ = {isa = PBXFileReference; lastKnownFileType = text.plist.xml; path = Info.plist; sourceTree = "<group>"; };
		0ED073122A13619300272470 /* ShieldConfigurationExtension.entitlements */ = {isa = PBXFileReference; lastKnownFileType = text.plist.entitlements; path = ShieldConfigurationExtension.entitlements; sourceTree = "<group>"; };
		0ED073192A13619E00272470 /* MC2-Team4-KKAMPPAK.entitlements */ = {isa = PBXFileReference; lastKnownFileType = text.plist.entitlements; path = "MC2-Team4-KKAMPPAK.entitlements"; sourceTree = "<group>"; };
		0ED0731A2A13625700272470 /* MultiPicker.swift */ = {isa = PBXFileReference; lastKnownFileType = sourcecode.swift; path = MultiPicker.swift; sourceTree = "<group>"; };
		0ED0731C2A13629D00272470 /* OnboardingView3.swift */ = {isa = PBXFileReference; lastKnownFileType = sourcecode.swift; path = OnboardingView3.swift; sourceTree = "<group>"; };
		135F75EA2A0FF89C00487299 /* LoadingView.swift */ = {isa = PBXFileReference; lastKnownFileType = sourcecode.swift; path = LoadingView.swift; sourceTree = "<group>"; };
		135F75EC2A0FFA9E00487299 /* LoadingBlinkView.swift */ = {isa = PBXFileReference; lastKnownFileType = sourcecode.swift; path = LoadingBlinkView.swift; sourceTree = "<group>"; };
		135F75EE2A0FFE6400487299 /* Info.plist */ = {isa = PBXFileReference; lastKnownFileType = text.plist; path = Info.plist; sourceTree = "<group>"; };
		138CDF9A2A99C556005A03AF /* OnboadrdingContent.swift */ = {isa = PBXFileReference; lastKnownFileType = sourcecode.swift; path = OnboadrdingContent.swift; sourceTree = "<group>"; };
		138EDC322A126E6300E57813 /* DeveloperRaw.swift */ = {isa = PBXFileReference; lastKnownFileType = sourcecode.swift; path = DeveloperRaw.swift; sourceTree = "<group>"; };
		138EDC342A126ED500E57813 /* MakesMembers.swift */ = {isa = PBXFileReference; lastKnownFileType = sourcecode.swift; path = MakesMembers.swift; sourceTree = "<group>"; };
		138EDC362A130EF900E57813 /* eyes.gif */ = {isa = PBXFileReference; lastKnownFileType = image.gif; path = eyes.gif; sourceTree = "<group>"; };
		13CAC9312A1162C300DC297F /* NextCard 2.gif */ = {isa = PBXFileReference; lastKnownFileType = image.gif; path = "NextCard 2.gif"; sourceTree = "<group>"; };
		13CAC9322A1162C300DC297F /* onboardgif.gif */ = {isa = PBXFileReference; lastKnownFileType = image.gif; path = onboardgif.gif; sourceTree = "<group>"; };
		13CAC9332A1162C300DC297F /* onboadingBlink.gif */ = {isa = PBXFileReference; lastKnownFileType = image.gif; path = onboadingBlink.gif; sourceTree = "<group>"; };
		13CAC9342A1162C300DC297F /* onboadingSide.gif */ = {isa = PBXFileReference; lastKnownFileType = image.gif; path = onboadingSide.gif; sourceTree = "<group>"; };
		13CAC9392A11630500DC297F /* OnboardingCard.swift */ = {isa = PBXFileReference; lastKnownFileType = sourcecode.swift; path = OnboardingCard.swift; sourceTree = "<group>"; };
		13CAC93B2A11632200DC297F /* OnboardingView.swift */ = {isa = PBXFileReference; lastKnownFileType = sourcecode.swift; path = OnboardingView.swift; sourceTree = "<group>"; };
		13CAC93D2A11633800DC297F /* OnboardingText.swift */ = {isa = PBXFileReference; lastKnownFileType = sourcecode.swift; path = OnboardingText.swift; sourceTree = "<group>"; };
		13CAC93F2A1169B900DC297F /* OnboardingCheckView.swift */ = {isa = PBXFileReference; lastKnownFileType = sourcecode.swift; path = OnboardingCheckView.swift; sourceTree = "<group>"; };
		13D24B952A0A83EA003C3CFB /* BlinkARViewContainer.swift */ = {isa = PBXFileReference; lastKnownFileType = sourcecode.swift; path = BlinkARViewContainer.swift; sourceTree = "<group>"; };
		1A92DA722A10DD6E00E2F735 /* FinishView.swift */ = {isa = PBXFileReference; lastKnownFileType = sourcecode.swift; path = FinishView.swift; sourceTree = "<group>"; };
		7E4717152A069CC30030AF1C /* Alert.swift */ = {isa = PBXFileReference; fileEncoding = 4; lastKnownFileType = sourcecode.swift; path = Alert.swift; sourceTree = "<group>"; };
		7E4717162A069CC30030AF1C /* Setting.swift */ = {isa = PBXFileReference; fileEncoding = 4; lastKnownFileType = sourcecode.swift; path = Setting.swift; sourceTree = "<group>"; };
		7E4717172A069CC30030AF1C /* EyeBlinking.swift */ = {isa = PBXFileReference; fileEncoding = 4; lastKnownFileType = sourcecode.swift; path = EyeBlinking.swift; sourceTree = "<group>"; };
		7E4717182A069CC30030AF1C /* ScreenTime.swift */ = {isa = PBXFileReference; fileEncoding = 4; lastKnownFileType = sourcecode.swift; path = ScreenTime.swift; sourceTree = "<group>"; };
		7E4717192A069CC30030AF1C /* SettingTime.swift */ = {isa = PBXFileReference; fileEncoding = 4; lastKnownFileType = sourcecode.swift; path = SettingTime.swift; sourceTree = "<group>"; };
		7E47171A2A069CC30030AF1C /* EyeMovingARViewContainer.swift */ = {isa = PBXFileReference; fileEncoding = 4; lastKnownFileType = sourcecode.swift; path = EyeMovingARViewContainer.swift; sourceTree = "<group>"; };
		7E4717222A069CE40030AF1C /* EyeBlinkingView.swift */ = {isa = PBXFileReference; fileEncoding = 4; lastKnownFileType = sourcecode.swift; path = EyeBlinkingView.swift; sourceTree = "<group>"; };
		7E4717232A069CE40030AF1C /* EyeMovingView.swift */ = {isa = PBXFileReference; fileEncoding = 4; lastKnownFileType = sourcecode.swift; path = EyeMovingView.swift; sourceTree = "<group>"; };
		7E4717242A069CE40030AF1C /* ContentView.swift */ = {isa = PBXFileReference; fileEncoding = 4; lastKnownFileType = sourcecode.swift; path = ContentView.swift; sourceTree = "<group>"; };
		7E4717262A069CE40030AF1C /* Button.swift */ = {isa = PBXFileReference; fileEncoding = 4; lastKnownFileType = sourcecode.swift; path = Button.swift; sourceTree = "<group>"; };
		7E4717282A069CE40030AF1C /* SettingView.swift */ = {isa = PBXFileReference; fileEncoding = 4; lastKnownFileType = sourcecode.swift; path = SettingView.swift; sourceTree = "<group>"; };
		7E47172F2A0C87BA0030AF1C /* ProgressBar.swift */ = {isa = PBXFileReference; lastKnownFileType = sourcecode.swift; path = ProgressBar.swift; sourceTree = "<group>"; };
		7E4717312A0C88000030AF1C /* HapticManager.swift */ = {isa = PBXFileReference; lastKnownFileType = sourcecode.swift; path = HapticManager.swift; sourceTree = "<group>"; };
		7E4717412A1106690030AF1C /* BlinkingLoadingView.swift */ = {isa = PBXFileReference; lastKnownFileType = sourcecode.swift; path = BlinkingLoadingView.swift; sourceTree = "<group>"; };
		7E4717452A1133810030AF1C /* MovingLoadingView.swift */ = {isa = PBXFileReference; lastKnownFileType = sourcecode.swift; path = MovingLoadingView.swift; sourceTree = "<group>"; };
		7E4717472A114D0C0030AF1C /* NavigationUtil.swift */ = {isa = PBXFileReference; lastKnownFileType = sourcecode.swift; path = NavigationUtil.swift; sourceTree = "<group>"; };
		A231D8052A0DC80900072D20 /* 깜빡_splash.gif */ = {isa = PBXFileReference; lastKnownFileType = image.gif; path = "깜빡_splash.gif"; sourceTree = "<group>"; };
		A231D8072A0DC81500072D20 /* 띠로링.mp3 */ = {isa = PBXFileReference; lastKnownFileType = audio.mp3; path = "띠로링.mp3"; sourceTree = "<group>"; };
		A231D8092A0DC83500072D20 /* GifView.swift */ = {isa = PBXFileReference; lastKnownFileType = sourcecode.swift; path = GifView.swift; sourceTree = "<group>"; };
		A231D80B2A0DC85400072D20 /* MusicView.swift */ = {isa = PBXFileReference; lastKnownFileType = sourcecode.swift; path = MusicView.swift; sourceTree = "<group>"; };
		A231D8572A10DB0F00072D20 /* SplashView.swift */ = {isa = PBXFileReference; lastKnownFileType = sourcecode.swift; path = SplashView.swift; sourceTree = "<group>"; };
		BB142EFF2A02082A0080C843 /* MC2-Team4-KKAMPPAK.app */ = {isa = PBXFileReference; explicitFileType = wrapper.application; includeInIndex = 0; path = "MC2-Team4-KKAMPPAK.app"; sourceTree = BUILT_PRODUCTS_DIR; };
		BB142F022A02082A0080C843 /* MC2_Team4_KKAMPPAKApp.swift */ = {isa = PBXFileReference; lastKnownFileType = sourcecode.swift; path = MC2_Team4_KKAMPPAKApp.swift; sourceTree = "<group>"; };
		BB142F062A02082B0080C843 /* Assets.xcassets */ = {isa = PBXFileReference; lastKnownFileType = folder.assetcatalog; path = Assets.xcassets; sourceTree = "<group>"; };
		BB142F092A02082B0080C843 /* Preview Assets.xcassets */ = {isa = PBXFileReference; lastKnownFileType = folder.assetcatalog; path = "Preview Assets.xcassets"; sourceTree = "<group>"; };
		BB142F142A0895660080C843 /* NoCard.swift */ = {isa = PBXFileReference; lastKnownFileType = sourcecode.swift; path = NoCard.swift; sourceTree = "<group>"; };
		BB142F162A09CE480080C843 /* CardStack.swift */ = {isa = PBXFileReference; lastKnownFileType = sourcecode.swift; path = CardStack.swift; sourceTree = "<group>"; };
		BB142F492A0C9B0F0080C843 /* AppDelegate.swift */ = {isa = PBXFileReference; fileEncoding = 4; lastKnownFileType = sourcecode.swift; name = AppDelegate.swift; path = ../AppDelegate.swift; sourceTree = "<group>"; };
		BB142F4B2A0C9B8F0080C843 /* NotificationManager.swift */ = {isa = PBXFileReference; fileEncoding = 4; lastKnownFileType = sourcecode.swift; name = NotificationManager.swift; path = ../NotificationManager.swift; sourceTree = "<group>"; };
		BB142F4F2A0C9C5F0080C843 /* DemoView.swift */ = {isa = PBXFileReference; lastKnownFileType = sourcecode.swift; path = DemoView.swift; sourceTree = "<group>"; };
		BBD8E2D42A1145C000A0689A /* TimePicker.swift */ = {isa = PBXFileReference; lastKnownFileType = sourcecode.swift; path = TimePicker.swift; sourceTree = "<group>"; };
		BBD8E2D62A11F93F00A0689A /* OnboardingView2.swift */ = {isa = PBXFileReference; lastKnownFileType = sourcecode.swift; path = OnboardingView2.swift; sourceTree = "<group>"; };
/* End PBXFileReference section */

/* Begin PBXFrameworksBuildPhase section */
		0ED072E12A13615100272470 /* Frameworks */ = {
			isa = PBXFrameworksBuildPhase;
			buildActionMask = 2147483647;
			files = (
				0ED072E72A13615100272470 /* DeviceActivity.framework in Frameworks */,
			);
			runOnlyForDeploymentPostprocessing = 0;
		};
		0ED072F52A13617E00272470 /* Frameworks */ = {
			isa = PBXFrameworksBuildPhase;
			buildActionMask = 2147483647;
			files = (
				0ED072FA2A13617E00272470 /* ManagedSettings.framework in Frameworks */,
			);
			runOnlyForDeploymentPostprocessing = 0;
		};
		0ED073072A13619300272470 /* Frameworks */ = {
			isa = PBXFrameworksBuildPhase;
			buildActionMask = 2147483647;
			files = (
				0ED0730B2A13619300272470 /* ManagedSettings.framework in Frameworks */,
				0ED0730D2A13619300272470 /* ManagedSettingsUI.framework in Frameworks */,
			);
			runOnlyForDeploymentPostprocessing = 0;
		};
		BB142EFC2A02082A0080C843 /* Frameworks */ = {
			isa = PBXFrameworksBuildPhase;
			buildActionMask = 2147483647;
			files = (
			);
			runOnlyForDeploymentPostprocessing = 0;
		};
/* End PBXFrameworksBuildPhase section */

/* Begin PBXGroup section */
		0ED072E52A13615100272470 /* Frameworks */ = {
			isa = PBXGroup;
			children = (
				0ED072E62A13615100272470 /* DeviceActivity.framework */,
				0ED072F92A13617E00272470 /* ManagedSettings.framework */,
				0ED0730C2A13619300272470 /* ManagedSettingsUI.framework */,
			);
			name = Frameworks;
			sourceTree = "<group>";
		};
		0ED072E82A13615100272470 /* DeviceActivityMonitorExtension */ = {
			isa = PBXGroup;
			children = (
				0ED072E92A13615100272470 /* DeviceActivityMonitorExtension.swift */,
				0ED072EB2A13615100272470 /* Info.plist */,
				0ED072EC2A13615100272470 /* DeviceActivityMonitorExtension.entitlements */,
			);
			path = DeviceActivityMonitorExtension;
			sourceTree = "<group>";
		};
		0ED072FB2A13617E00272470 /* ShieldActionExtension */ = {
			isa = PBXGroup;
			children = (
				0ED072FC2A13617E00272470 /* ShieldActionExtension.swift */,
				0ED072FE2A13617E00272470 /* Info.plist */,
				0ED072FF2A13617E00272470 /* ShieldActionExtension.entitlements */,
			);
			path = ShieldActionExtension;
			sourceTree = "<group>";
		};
		0ED0730E2A13619300272470 /* ShieldConfigurationExtension */ = {
			isa = PBXGroup;
			children = (
				0ED0730F2A13619300272470 /* ShieldConfigurationExtension.swift */,
				0ED073112A13619300272470 /* Info.plist */,
				0ED073122A13619300272470 /* ShieldConfigurationExtension.entitlements */,
			);
			path = ShieldConfigurationExtension;
			sourceTree = "<group>";
		};
		7E4717142A069CC30030AF1C /* Model */ = {
			isa = PBXGroup;
			children = (
				7E4717152A069CC30030AF1C /* Alert.swift */,
				7E4717162A069CC30030AF1C /* Setting.swift */,
				7E4717172A069CC30030AF1C /* EyeBlinking.swift */,
				7E4717182A069CC30030AF1C /* ScreenTime.swift */,
				7E4717192A069CC30030AF1C /* SettingTime.swift */,
				7E47171A2A069CC30030AF1C /* EyeMovingARViewContainer.swift */,
				13D24B952A0A83EA003C3CFB /* BlinkARViewContainer.swift */,
				BB142F4B2A0C9B8F0080C843 /* NotificationManager.swift */,
				BB142F492A0C9B0F0080C843 /* AppDelegate.swift */,
				138CDF9A2A99C556005A03AF /* OnboadrdingContent.swift */,
			);
			path = Model;
			sourceTree = "<group>";
		};
		7E4717212A069CE40030AF1C /* View */ = {
			isa = PBXGroup;
			children = (
				7E4717252A069CE40030AF1C /* Component */,
				13CAC93F2A1169B900DC297F /* OnboardingCheckView.swift */,
				13CAC93B2A11632200DC297F /* OnboardingView.swift */,
				135F75EC2A0FFA9E00487299 /* LoadingBlinkView.swift */,
				7E4717412A1106690030AF1C /* BlinkingLoadingView.swift */,
				7E4717452A1133810030AF1C /* MovingLoadingView.swift */,
				1A92DA722A10DD6E00E2F735 /* FinishView.swift */,
				7E4717222A069CE40030AF1C /* EyeBlinkingView.swift */,
				7E4717232A069CE40030AF1C /* EyeMovingView.swift */,
				7E4717242A069CE40030AF1C /* ContentView.swift */,
				A231D8572A10DB0F00072D20 /* SplashView.swift */,
				A231D8092A0DC83500072D20 /* GifView.swift */,
				A231D80B2A0DC85400072D20 /* MusicView.swift */,
				7E4717282A069CE40030AF1C /* SettingView.swift */,
				BBD8E2D62A11F93F00A0689A /* OnboardingView2.swift */,
				138EDC342A126ED500E57813 /* MakesMembers.swift */,
				0ED0731C2A13629D00272470 /* OnboardingView3.swift */,
			);
			path = View;
			sourceTree = "<group>";
		};
		7E4717252A069CE40030AF1C /* Component */ = {
			isa = PBXGroup;
			children = (
				135F75EA2A0FF89C00487299 /* LoadingView.swift */,
				7E4717262A069CE40030AF1C /* Button.swift */,
				BB142F142A0895660080C843 /* NoCard.swift */,
				7E47172F2A0C87BA0030AF1C /* ProgressBar.swift */,
				7E4717312A0C88000030AF1C /* HapticManager.swift */,
				BB142F162A09CE480080C843 /* CardStack.swift */,
				BB142F4F2A0C9C5F0080C843 /* DemoView.swift */,
				BBD8E2D42A1145C000A0689A /* TimePicker.swift */,
				13CAC9392A11630500DC297F /* OnboardingCard.swift */,
				13CAC93D2A11633800DC297F /* OnboardingText.swift */,
				138EDC322A126E6300E57813 /* DeveloperRaw.swift */,
				0ED0731A2A13625700272470 /* MultiPicker.swift */,
			);
			path = Component;
			sourceTree = "<group>";
		};
		BB142EF62A0208290080C843 = {
			isa = PBXGroup;
			children = (
				BB142F012A02082A0080C843 /* MC2-Team4-KKAMPPAK */,
				0ED072E82A13615100272470 /* DeviceActivityMonitorExtension */,
				0ED072FB2A13617E00272470 /* ShieldActionExtension */,
				0ED0730E2A13619300272470 /* ShieldConfigurationExtension */,
				0ED072E52A13615100272470 /* Frameworks */,
				BB142F002A02082A0080C843 /* Products */,
			);
			sourceTree = "<group>";
		};
		BB142F002A02082A0080C843 /* Products */ = {
			isa = PBXGroup;
			children = (
				BB142EFF2A02082A0080C843 /* MC2-Team4-KKAMPPAK.app */,
				0ED072E42A13615100272470 /* DeviceActivityMonitorExtension.appex */,
				0ED072F82A13617E00272470 /* ShieldActionExtension.appex */,
				0ED0730A2A13619300272470 /* ShieldConfigurationExtension.appex */,
			);
			name = Products;
			sourceTree = "<group>";
		};
		BB142F012A02082A0080C843 /* MC2-Team4-KKAMPPAK */ = {
			isa = PBXGroup;
			children = (
				0ED073192A13619E00272470 /* MC2-Team4-KKAMPPAK.entitlements */,
				135F75EE2A0FFE6400487299 /* Info.plist */,
				7E4717212A069CE40030AF1C /* View */,
				7E4717142A069CC30030AF1C /* Model */,
				BB142F022A02082A0080C843 /* MC2_Team4_KKAMPPAKApp.swift */,
				BB142F062A02082B0080C843 /* Assets.xcassets */,
				A231D8072A0DC81500072D20 /* 띠로링.mp3 */,
				138EDC362A130EF900E57813 /* eyes.gif */,
				13CAC9312A1162C300DC297F /* NextCard 2.gif */,
				13CAC9332A1162C300DC297F /* onboadingBlink.gif */,
				13CAC9342A1162C300DC297F /* onboadingSide.gif */,
				13CAC9322A1162C300DC297F /* onboardgif.gif */,
				A231D8052A0DC80900072D20 /* 깜빡_splash.gif */,
				BB142F082A02082B0080C843 /* Preview Content */,
				7E4717472A114D0C0030AF1C /* NavigationUtil.swift */,
			);
			path = "MC2-Team4-KKAMPPAK";
			sourceTree = "<group>";
		};
		BB142F082A02082B0080C843 /* Preview Content */ = {
			isa = PBXGroup;
			children = (
				BB142F092A02082B0080C843 /* Preview Assets.xcassets */,
			);
			path = "Preview Content";
			sourceTree = "<group>";
		};
/* End PBXGroup section */

/* Begin PBXNativeTarget section */
		0ED072E32A13615100272470 /* DeviceActivityMonitorExtension */ = {
			isa = PBXNativeTarget;
			buildConfigurationList = 0ED072F32A13615100272470 /* Build configuration list for PBXNativeTarget "DeviceActivityMonitorExtension" */;
			buildPhases = (
				0ED072E02A13615100272470 /* Sources */,
				0ED072E12A13615100272470 /* Frameworks */,
				0ED072E22A13615100272470 /* Resources */,
			);
			buildRules = (
			);
			dependencies = (
			);
			name = DeviceActivityMonitorExtension;
			productName = DeviceActivityMonitorExtension;
			productReference = 0ED072E42A13615100272470 /* DeviceActivityMonitorExtension.appex */;
			productType = "com.apple.product-type.app-extension";
		};
		0ED072F72A13617E00272470 /* ShieldActionExtension */ = {
			isa = PBXNativeTarget;
			buildConfigurationList = 0ED073032A13617E00272470 /* Build configuration list for PBXNativeTarget "ShieldActionExtension" */;
			buildPhases = (
				0ED072F42A13617E00272470 /* Sources */,
				0ED072F52A13617E00272470 /* Frameworks */,
				0ED072F62A13617E00272470 /* Resources */,
			);
			buildRules = (
			);
			dependencies = (
			);
			name = ShieldActionExtension;
			productName = ShieldActionExtension;
			productReference = 0ED072F82A13617E00272470 /* ShieldActionExtension.appex */;
			productType = "com.apple.product-type.app-extension";
		};
		0ED073092A13619300272470 /* ShieldConfigurationExtension */ = {
			isa = PBXNativeTarget;
			buildConfigurationList = 0ED073162A13619300272470 /* Build configuration list for PBXNativeTarget "ShieldConfigurationExtension" */;
			buildPhases = (
				0ED073062A13619300272470 /* Sources */,
				0ED073072A13619300272470 /* Frameworks */,
				0ED073082A13619300272470 /* Resources */,
			);
			buildRules = (
			);
			dependencies = (
			);
			name = ShieldConfigurationExtension;
			productName = ShieldConfigurationExtension;
			productReference = 0ED0730A2A13619300272470 /* ShieldConfigurationExtension.appex */;
			productType = "com.apple.product-type.app-extension";
		};
		BB142EFE2A02082A0080C843 /* MC2-Team4-KKAMPPAK */ = {
			isa = PBXNativeTarget;
			buildConfigurationList = BB142F0D2A02082B0080C843 /* Build configuration list for PBXNativeTarget "MC2-Team4-KKAMPPAK" */;
			buildPhases = (
				BB142EFB2A02082A0080C843 /* Sources */,
				BB142EFC2A02082A0080C843 /* Frameworks */,
				BB142EFD2A02082A0080C843 /* Resources */,
				0ED072F02A13615100272470 /* Embed Foundation Extensions */,
			);
			buildRules = (
			);
			dependencies = (
				0ED072EE2A13615100272470 /* PBXTargetDependency */,
				0ED073012A13617E00272470 /* PBXTargetDependency */,
				0ED073142A13619300272470 /* PBXTargetDependency */,
			);
			name = "MC2-Team4-KKAMPPAK";
			productName = "MC2-Team4-KKAMPPAK";
			productReference = BB142EFF2A02082A0080C843 /* MC2-Team4-KKAMPPAK.app */;
			productType = "com.apple.product-type.application";
		};
/* End PBXNativeTarget section */

/* Begin PBXProject section */
		BB142EF72A0208290080C843 /* Project object */ = {
			isa = PBXProject;
			attributes = {
				BuildIndependentTargetsInParallel = 1;
				LastSwiftUpdateCheck = 1430;
				LastUpgradeCheck = 1430;
				TargetAttributes = {
					0ED072E32A13615100272470 = {
						CreatedOnToolsVersion = 14.3;
					};
					0ED072F72A13617E00272470 = {
						CreatedOnToolsVersion = 14.3;
					};
					0ED073092A13619300272470 = {
						CreatedOnToolsVersion = 14.3;
					};
					BB142EFE2A02082A0080C843 = {
						CreatedOnToolsVersion = 14.3;
					};
				};
			};
			buildConfigurationList = BB142EFA2A0208290080C843 /* Build configuration list for PBXProject "MC2-Team4-KKAMPPAK" */;
			compatibilityVersion = "Xcode 14.0";
			developmentRegion = en;
			hasScannedForEncodings = 0;
			knownRegions = (
				en,
				Base,
			);
			mainGroup = BB142EF62A0208290080C843;
			productRefGroup = BB142F002A02082A0080C843 /* Products */;
			projectDirPath = "";
			projectRoot = "";
			targets = (
				BB142EFE2A02082A0080C843 /* MC2-Team4-KKAMPPAK */,
				0ED072E32A13615100272470 /* DeviceActivityMonitorExtension */,
				0ED072F72A13617E00272470 /* ShieldActionExtension */,
				0ED073092A13619300272470 /* ShieldConfigurationExtension */,
			);
		};
/* End PBXProject section */

/* Begin PBXResourcesBuildPhase section */
		0ED072E22A13615100272470 /* Resources */ = {
			isa = PBXResourcesBuildPhase;
			buildActionMask = 2147483647;
			files = (
			);
			runOnlyForDeploymentPostprocessing = 0;
		};
		0ED072F62A13617E00272470 /* Resources */ = {
			isa = PBXResourcesBuildPhase;
			buildActionMask = 2147483647;
			files = (
			);
			runOnlyForDeploymentPostprocessing = 0;
		};
		0ED073082A13619300272470 /* Resources */ = {
			isa = PBXResourcesBuildPhase;
			buildActionMask = 2147483647;
			files = (
			);
			runOnlyForDeploymentPostprocessing = 0;
		};
		BB142EFD2A02082A0080C843 /* Resources */ = {
			isa = PBXResourcesBuildPhase;
			buildActionMask = 2147483647;
			files = (
				BB142F0A2A02082B0080C843 /* Preview Assets.xcassets in Resources */,
				A231D8062A0DC80900072D20 /* 깜빡_splash.gif in Resources */,
				13CAC9362A1162C300DC297F /* onboardgif.gif in Resources */,
				13CAC9382A1162C300DC297F /* onboadingSide.gif in Resources */,
				A231D8082A0DC81500072D20 /* 띠로링.mp3 in Resources */,
				BB142F072A02082B0080C843 /* Assets.xcassets in Resources */,
				13CAC9352A1162C300DC297F /* NextCard 2.gif in Resources */,
				138EDC372A130EF900E57813 /* eyes.gif in Resources */,
				13CAC9372A1162C300DC297F /* onboadingBlink.gif in Resources */,
			);
			runOnlyForDeploymentPostprocessing = 0;
		};
/* End PBXResourcesBuildPhase section */

/* Begin PBXSourcesBuildPhase section */
		0ED072E02A13615100272470 /* Sources */ = {
			isa = PBXSourcesBuildPhase;
			buildActionMask = 2147483647;
			files = (
				0ED0731E2A1363F500272470 /* NotificationManager.swift in Sources */,
				0ED072EA2A13615100272470 /* DeviceActivityMonitorExtension.swift in Sources */,
			);
			runOnlyForDeploymentPostprocessing = 0;
		};
		0ED072F42A13617E00272470 /* Sources */ = {
			isa = PBXSourcesBuildPhase;
			buildActionMask = 2147483647;
			files = (
				0ED072FD2A13617E00272470 /* ShieldActionExtension.swift in Sources */,
			);
			runOnlyForDeploymentPostprocessing = 0;
		};
		0ED073062A13619300272470 /* Sources */ = {
			isa = PBXSourcesBuildPhase;
			buildActionMask = 2147483647;
			files = (
				0ED073102A13619300272470 /* ShieldConfigurationExtension.swift in Sources */,
			);
			runOnlyForDeploymentPostprocessing = 0;
		};
		BB142EFB2A02082A0080C843 /* Sources */ = {
			isa = PBXSourcesBuildPhase;
			buildActionMask = 2147483647;
			files = (
				7E47171D2A069CC30030AF1C /* EyeBlinking.swift in Sources */,
				7E4717482A114D0C0030AF1C /* NavigationUtil.swift in Sources */,
				7E4717302A0C87BA0030AF1C /* ProgressBar.swift in Sources */,
				A231D8582A10DB0F00072D20 /* SplashView.swift in Sources */,
				BB142F4C2A0C9B8F0080C843 /* NotificationManager.swift in Sources */,
				135F75EB2A0FF89C00487299 /* LoadingView.swift in Sources */,
				BB142F4A2A0C9B0F0080C843 /* AppDelegate.swift in Sources */,
				A231D80C2A0DC85400072D20 /* MusicView.swift in Sources */,
				7E47171B2A069CC30030AF1C /* Alert.swift in Sources */,
				A231D80A2A0DC83500072D20 /* GifView.swift in Sources */,
				7E47172E2A069CE40030AF1C /* SettingView.swift in Sources */,
				7E4717322A0C88000030AF1C /* HapticManager.swift in Sources */,
				1A92DA732A10DD6E00E2F735 /* FinishView.swift in Sources */,
				0ED0731B2A13625700272470 /* MultiPicker.swift in Sources */,
				7E47172A2A069CE40030AF1C /* EyeMovingView.swift in Sources */,
				7E4717292A069CE40030AF1C /* EyeBlinkingView.swift in Sources */,
				BBD8E2D52A1145C000A0689A /* TimePicker.swift in Sources */,
				7E47171E2A069CC30030AF1C /* ScreenTime.swift in Sources */,
				138EDC332A126E6300E57813 /* DeveloperRaw.swift in Sources */,
				13CAC9402A1169B900DC297F /* OnboardingCheckView.swift in Sources */,
				7E4717462A1133810030AF1C /* MovingLoadingView.swift in Sources */,
				BBD8E2D72A11F93F00A0689A /* OnboardingView2.swift in Sources */,
				BB142F172A09CE480080C843 /* CardStack.swift in Sources */,
				7E47172B2A069CE40030AF1C /* ContentView.swift in Sources */,
				0ED0731D2A13629D00272470 /* OnboardingView3.swift in Sources */,
				7E47172C2A069CE40030AF1C /* Button.swift in Sources */,
				13CAC93C2A11632200DC297F /* OnboardingView.swift in Sources */,
				BB142F502A0C9C5F0080C843 /* DemoView.swift in Sources */,
				7E47171C2A069CC30030AF1C /* Setting.swift in Sources */,
				138CDF9B2A99C556005A03AF /* OnboadrdingContent.swift in Sources */,
				13CAC93E2A11633800DC297F /* OnboardingText.swift in Sources */,
				7E4717422A1106690030AF1C /* BlinkingLoadingView.swift in Sources */,
				7E4717202A069CC30030AF1C /* EyeMovingARViewContainer.swift in Sources */,
				BB142F152A0895660080C843 /* NoCard.swift in Sources */,
				13D24B962A0A83EA003C3CFB /* BlinkARViewContainer.swift in Sources */,
				7E47171F2A069CC30030AF1C /* SettingTime.swift in Sources */,
				135F75ED2A0FFA9E00487299 /* LoadingBlinkView.swift in Sources */,
				13CAC93A2A11630500DC297F /* OnboardingCard.swift in Sources */,
				138EDC352A126ED500E57813 /* MakesMembers.swift in Sources */,
				BB142F032A02082A0080C843 /* MC2_Team4_KKAMPPAKApp.swift in Sources */,
			);
			runOnlyForDeploymentPostprocessing = 0;
		};
/* End PBXSourcesBuildPhase section */

/* Begin PBXTargetDependency section */
		0ED072EE2A13615100272470 /* PBXTargetDependency */ = {
			isa = PBXTargetDependency;
			target = 0ED072E32A13615100272470 /* DeviceActivityMonitorExtension */;
			targetProxy = 0ED072ED2A13615100272470 /* PBXContainerItemProxy */;
		};
		0ED073012A13617E00272470 /* PBXTargetDependency */ = {
			isa = PBXTargetDependency;
			target = 0ED072F72A13617E00272470 /* ShieldActionExtension */;
			targetProxy = 0ED073002A13617E00272470 /* PBXContainerItemProxy */;
		};
		0ED073142A13619300272470 /* PBXTargetDependency */ = {
			isa = PBXTargetDependency;
			target = 0ED073092A13619300272470 /* ShieldConfigurationExtension */;
			targetProxy = 0ED073132A13619300272470 /* PBXContainerItemProxy */;
		};
/* End PBXTargetDependency section */

/* Begin XCBuildConfiguration section */
		0ED072F12A13615100272470 /* Debug */ = {
			isa = XCBuildConfiguration;
			buildSettings = {
				CODE_SIGN_ENTITLEMENTS = DeviceActivityMonitorExtension/DeviceActivityMonitorExtension.entitlements;
				CODE_SIGN_STYLE = Automatic;
				CURRENT_PROJECT_VERSION = 1;
				DEVELOPMENT_TEAM = 8H945XJJGA;
				GENERATE_INFOPLIST_FILE = YES;
				INFOPLIST_FILE = DeviceActivityMonitorExtension/Info.plist;
				INFOPLIST_KEY_CFBundleDisplayName = DeviceActivityMonitorExtension;
				INFOPLIST_KEY_NSHumanReadableCopyright = "";
				LD_RUNPATH_SEARCH_PATHS = (
					"$(inherited)",
					"@executable_path/Frameworks",
					"@executable_path/../../Frameworks",
				);
				MARKETING_VERSION = 1.0;
				PRODUCT_BUNDLE_IDENTIFIER = com.good.KKAMPPAK.DeviceActivityMonitorExtension;
				PRODUCT_NAME = "$(TARGET_NAME)";
				SKIP_INSTALL = YES;
				SWIFT_EMIT_LOC_STRINGS = YES;
				SWIFT_VERSION = 5.0;
				TARGETED_DEVICE_FAMILY = "1,2";
			};
			name = Debug;
		};
		0ED072F22A13615100272470 /* Release */ = {
			isa = XCBuildConfiguration;
			buildSettings = {
				CODE_SIGN_ENTITLEMENTS = DeviceActivityMonitorExtension/DeviceActivityMonitorExtension.entitlements;
				CODE_SIGN_STYLE = Automatic;
				CURRENT_PROJECT_VERSION = 1;
				DEVELOPMENT_TEAM = 8H945XJJGA;
				GENERATE_INFOPLIST_FILE = YES;
				INFOPLIST_FILE = DeviceActivityMonitorExtension/Info.plist;
				INFOPLIST_KEY_CFBundleDisplayName = DeviceActivityMonitorExtension;
				INFOPLIST_KEY_NSHumanReadableCopyright = "";
				LD_RUNPATH_SEARCH_PATHS = (
					"$(inherited)",
					"@executable_path/Frameworks",
					"@executable_path/../../Frameworks",
				);
				MARKETING_VERSION = 1.0;
				PRODUCT_BUNDLE_IDENTIFIER = com.good.KKAMPPAK.DeviceActivityMonitorExtension;
				PRODUCT_NAME = "$(TARGET_NAME)";
				SKIP_INSTALL = YES;
				SWIFT_EMIT_LOC_STRINGS = YES;
				SWIFT_VERSION = 5.0;
				TARGETED_DEVICE_FAMILY = "1,2";
			};
			name = Release;
		};
		0ED073042A13617E00272470 /* Debug */ = {
			isa = XCBuildConfiguration;
			buildSettings = {
				CODE_SIGN_ENTITLEMENTS = ShieldActionExtension/ShieldActionExtension.entitlements;
				CODE_SIGN_STYLE = Automatic;
				CURRENT_PROJECT_VERSION = 1;
				DEVELOPMENT_TEAM = 8H945XJJGA;
				GENERATE_INFOPLIST_FILE = YES;
				INFOPLIST_FILE = ShieldActionExtension/Info.plist;
				INFOPLIST_KEY_CFBundleDisplayName = ShieldActionExtension;
				INFOPLIST_KEY_NSHumanReadableCopyright = "";
				LD_RUNPATH_SEARCH_PATHS = (
					"$(inherited)",
					"@executable_path/Frameworks",
					"@executable_path/../../Frameworks",
				);
				MARKETING_VERSION = 1.0;
				PRODUCT_BUNDLE_IDENTIFIER = com.good.KKAMPPAK.ShieldActionExtension;
				PRODUCT_NAME = "$(TARGET_NAME)";
				SKIP_INSTALL = YES;
				SWIFT_EMIT_LOC_STRINGS = YES;
				SWIFT_VERSION = 5.0;
				TARGETED_DEVICE_FAMILY = "1,2";
			};
			name = Debug;
		};
		0ED073052A13617E00272470 /* Release */ = {
			isa = XCBuildConfiguration;
			buildSettings = {
				CODE_SIGN_ENTITLEMENTS = ShieldActionExtension/ShieldActionExtension.entitlements;
				CODE_SIGN_STYLE = Automatic;
				CURRENT_PROJECT_VERSION = 1;
				DEVELOPMENT_TEAM = 8H945XJJGA;
				GENERATE_INFOPLIST_FILE = YES;
				INFOPLIST_FILE = ShieldActionExtension/Info.plist;
				INFOPLIST_KEY_CFBundleDisplayName = ShieldActionExtension;
				INFOPLIST_KEY_NSHumanReadableCopyright = "";
				LD_RUNPATH_SEARCH_PATHS = (
					"$(inherited)",
					"@executable_path/Frameworks",
					"@executable_path/../../Frameworks",
				);
				MARKETING_VERSION = 1.0;
				PRODUCT_BUNDLE_IDENTIFIER = com.good.KKAMPPAK.ShieldActionExtension;
				PRODUCT_NAME = "$(TARGET_NAME)";
				SKIP_INSTALL = YES;
				SWIFT_EMIT_LOC_STRINGS = YES;
				SWIFT_VERSION = 5.0;
				TARGETED_DEVICE_FAMILY = "1,2";
			};
			name = Release;
		};
		0ED073172A13619300272470 /* Debug */ = {
			isa = XCBuildConfiguration;
			buildSettings = {
				CODE_SIGN_ENTITLEMENTS = ShieldConfigurationExtension/ShieldConfigurationExtension.entitlements;
				CODE_SIGN_STYLE = Automatic;
				CURRENT_PROJECT_VERSION = 1;
				DEVELOPMENT_TEAM = 8H945XJJGA;
				GENERATE_INFOPLIST_FILE = YES;
				INFOPLIST_FILE = ShieldConfigurationExtension/Info.plist;
				INFOPLIST_KEY_CFBundleDisplayName = ShieldConfigurationExtension;
				INFOPLIST_KEY_NSHumanReadableCopyright = "";
				LD_RUNPATH_SEARCH_PATHS = (
					"$(inherited)",
					"@executable_path/Frameworks",
					"@executable_path/../../Frameworks",
				);
				MARKETING_VERSION = 1.0;
				PRODUCT_BUNDLE_IDENTIFIER = com.good.KKAMPPAK.ShieldConfigurationExtension;
				PRODUCT_NAME = "$(TARGET_NAME)";
				SKIP_INSTALL = YES;
				SWIFT_EMIT_LOC_STRINGS = YES;
				SWIFT_VERSION = 5.0;
				TARGETED_DEVICE_FAMILY = "1,2";
			};
			name = Debug;
		};
		0ED073182A13619300272470 /* Release */ = {
			isa = XCBuildConfiguration;
			buildSettings = {
				CODE_SIGN_ENTITLEMENTS = ShieldConfigurationExtension/ShieldConfigurationExtension.entitlements;
				CODE_SIGN_STYLE = Automatic;
				CURRENT_PROJECT_VERSION = 1;
				DEVELOPMENT_TEAM = 8H945XJJGA;
				GENERATE_INFOPLIST_FILE = YES;
				INFOPLIST_FILE = ShieldConfigurationExtension/Info.plist;
				INFOPLIST_KEY_CFBundleDisplayName = ShieldConfigurationExtension;
				INFOPLIST_KEY_NSHumanReadableCopyright = "";
				LD_RUNPATH_SEARCH_PATHS = (
					"$(inherited)",
					"@executable_path/Frameworks",
					"@executable_path/../../Frameworks",
				);
				MARKETING_VERSION = 1.0;
				PRODUCT_BUNDLE_IDENTIFIER = com.good.KKAMPPAK.ShieldConfigurationExtension;
				PRODUCT_NAME = "$(TARGET_NAME)";
				SKIP_INSTALL = YES;
				SWIFT_EMIT_LOC_STRINGS = YES;
				SWIFT_VERSION = 5.0;
				TARGETED_DEVICE_FAMILY = "1,2";
			};
			name = Release;
		};
		BB142F0B2A02082B0080C843 /* Debug */ = {
			isa = XCBuildConfiguration;
			buildSettings = {
				ALWAYS_SEARCH_USER_PATHS = NO;
				CLANG_ANALYZER_NONNULL = YES;
				CLANG_ANALYZER_NUMBER_OBJECT_CONVERSION = YES_AGGRESSIVE;
				CLANG_CXX_LANGUAGE_STANDARD = "gnu++20";
				CLANG_ENABLE_MODULES = YES;
				CLANG_ENABLE_OBJC_ARC = YES;
				CLANG_ENABLE_OBJC_WEAK = YES;
				CLANG_WARN_BLOCK_CAPTURE_AUTORELEASING = YES;
				CLANG_WARN_BOOL_CONVERSION = YES;
				CLANG_WARN_COMMA = YES;
				CLANG_WARN_CONSTANT_CONVERSION = YES;
				CLANG_WARN_DEPRECATED_OBJC_IMPLEMENTATIONS = YES;
				CLANG_WARN_DIRECT_OBJC_ISA_USAGE = YES_ERROR;
				CLANG_WARN_DOCUMENTATION_COMMENTS = YES;
				CLANG_WARN_EMPTY_BODY = YES;
				CLANG_WARN_ENUM_CONVERSION = YES;
				CLANG_WARN_INFINITE_RECURSION = YES;
				CLANG_WARN_INT_CONVERSION = YES;
				CLANG_WARN_NON_LITERAL_NULL_CONVERSION = YES;
				CLANG_WARN_OBJC_IMPLICIT_RETAIN_SELF = YES;
				CLANG_WARN_OBJC_LITERAL_CONVERSION = YES;
				CLANG_WARN_OBJC_ROOT_CLASS = YES_ERROR;
				CLANG_WARN_QUOTED_INCLUDE_IN_FRAMEWORK_HEADER = YES;
				CLANG_WARN_RANGE_LOOP_ANALYSIS = YES;
				CLANG_WARN_STRICT_PROTOTYPES = YES;
				CLANG_WARN_SUSPICIOUS_MOVE = YES;
				CLANG_WARN_UNGUARDED_AVAILABILITY = YES_AGGRESSIVE;
				CLANG_WARN_UNREACHABLE_CODE = YES;
				CLANG_WARN__DUPLICATE_METHOD_MATCH = YES;
				COPY_PHASE_STRIP = NO;
				DEBUG_INFORMATION_FORMAT = dwarf;
				ENABLE_STRICT_OBJC_MSGSEND = YES;
				ENABLE_TESTABILITY = YES;
				GCC_C_LANGUAGE_STANDARD = gnu11;
				GCC_DYNAMIC_NO_PIC = NO;
				GCC_NO_COMMON_BLOCKS = YES;
				GCC_OPTIMIZATION_LEVEL = 0;
				GCC_PREPROCESSOR_DEFINITIONS = (
					"DEBUG=1",
					"$(inherited)",
				);
				GCC_WARN_64_TO_32_BIT_CONVERSION = YES;
				GCC_WARN_ABOUT_RETURN_TYPE = YES_ERROR;
				GCC_WARN_UNDECLARED_SELECTOR = YES;
				GCC_WARN_UNINITIALIZED_AUTOS = YES_AGGRESSIVE;
				GCC_WARN_UNUSED_FUNCTION = YES;
				GCC_WARN_UNUSED_VARIABLE = YES;
				IPHONEOS_DEPLOYMENT_TARGET = 16.4;
				MTL_ENABLE_DEBUG_INFO = INCLUDE_SOURCE;
				MTL_FAST_MATH = YES;
				ONLY_ACTIVE_ARCH = YES;
				SDKROOT = iphoneos;
				SWIFT_ACTIVE_COMPILATION_CONDITIONS = DEBUG;
				SWIFT_OPTIMIZATION_LEVEL = "-Onone";
			};
			name = Debug;
		};
		BB142F0C2A02082B0080C843 /* Release */ = {
			isa = XCBuildConfiguration;
			buildSettings = {
				ALWAYS_SEARCH_USER_PATHS = NO;
				CLANG_ANALYZER_NONNULL = YES;
				CLANG_ANALYZER_NUMBER_OBJECT_CONVERSION = YES_AGGRESSIVE;
				CLANG_CXX_LANGUAGE_STANDARD = "gnu++20";
				CLANG_ENABLE_MODULES = YES;
				CLANG_ENABLE_OBJC_ARC = YES;
				CLANG_ENABLE_OBJC_WEAK = YES;
				CLANG_WARN_BLOCK_CAPTURE_AUTORELEASING = YES;
				CLANG_WARN_BOOL_CONVERSION = YES;
				CLANG_WARN_COMMA = YES;
				CLANG_WARN_CONSTANT_CONVERSION = YES;
				CLANG_WARN_DEPRECATED_OBJC_IMPLEMENTATIONS = YES;
				CLANG_WARN_DIRECT_OBJC_ISA_USAGE = YES_ERROR;
				CLANG_WARN_DOCUMENTATION_COMMENTS = YES;
				CLANG_WARN_EMPTY_BODY = YES;
				CLANG_WARN_ENUM_CONVERSION = YES;
				CLANG_WARN_INFINITE_RECURSION = YES;
				CLANG_WARN_INT_CONVERSION = YES;
				CLANG_WARN_NON_LITERAL_NULL_CONVERSION = YES;
				CLANG_WARN_OBJC_IMPLICIT_RETAIN_SELF = YES;
				CLANG_WARN_OBJC_LITERAL_CONVERSION = YES;
				CLANG_WARN_OBJC_ROOT_CLASS = YES_ERROR;
				CLANG_WARN_QUOTED_INCLUDE_IN_FRAMEWORK_HEADER = YES;
				CLANG_WARN_RANGE_LOOP_ANALYSIS = YES;
				CLANG_WARN_STRICT_PROTOTYPES = YES;
				CLANG_WARN_SUSPICIOUS_MOVE = YES;
				CLANG_WARN_UNGUARDED_AVAILABILITY = YES_AGGRESSIVE;
				CLANG_WARN_UNREACHABLE_CODE = YES;
				CLANG_WARN__DUPLICATE_METHOD_MATCH = YES;
				COPY_PHASE_STRIP = NO;
				DEBUG_INFORMATION_FORMAT = "dwarf-with-dsym";
				ENABLE_NS_ASSERTIONS = NO;
				ENABLE_STRICT_OBJC_MSGSEND = YES;
				GCC_C_LANGUAGE_STANDARD = gnu11;
				GCC_NO_COMMON_BLOCKS = YES;
				GCC_WARN_64_TO_32_BIT_CONVERSION = YES;
				GCC_WARN_ABOUT_RETURN_TYPE = YES_ERROR;
				GCC_WARN_UNDECLARED_SELECTOR = YES;
				GCC_WARN_UNINITIALIZED_AUTOS = YES_AGGRESSIVE;
				GCC_WARN_UNUSED_FUNCTION = YES;
				GCC_WARN_UNUSED_VARIABLE = YES;
				IPHONEOS_DEPLOYMENT_TARGET = 16.4;
				MTL_ENABLE_DEBUG_INFO = NO;
				MTL_FAST_MATH = YES;
				SDKROOT = iphoneos;
				SWIFT_COMPILATION_MODE = wholemodule;
				SWIFT_OPTIMIZATION_LEVEL = "-O";
				VALIDATE_PRODUCT = YES;
			};
			name = Release;
		};
		BB142F0E2A02082B0080C843 /* Debug */ = {
			isa = XCBuildConfiguration;
			buildSettings = {
				ALWAYS_EMBED_SWIFT_STANDARD_LIBRARIES = YES;
				ASSETCATALOG_COMPILER_APPICON_NAME = AppIcon;
				ASSETCATALOG_COMPILER_GLOBAL_ACCENT_COLOR_NAME = AccentColor;
				ASSETCATALOG_COMPILER_INCLUDE_ALL_APPICON_ASSETS = YES;
				CODE_SIGN_ENTITLEMENTS = "MC2-Team4-KKAMPPAK/MC2-Team4-KKAMPPAK.entitlements";
				CODE_SIGN_STYLE = Automatic;
				CURRENT_PROJECT_VERSION = 1;
				DEVELOPMENT_ASSET_PATHS = "\"MC2-Team4-KKAMPPAK/Preview Content\"";
				DEVELOPMENT_TEAM = 8H945XJJGA;
				ENABLE_PREVIEWS = YES;
				GENERATE_INFOPLIST_FILE = YES;
				INFOPLIST_FILE = "MC2-Team4-KKAMPPAK/Info.plist";
				INFOPLIST_KEY_CFBundleDisplayName = KKAMPPAK;
				INFOPLIST_KEY_NSCameraUsageDescription = "";
				INFOPLIST_KEY_UIApplicationSceneManifest_Generation = YES;
				INFOPLIST_KEY_UIApplicationSupportsIndirectInputEvents = YES;
				INFOPLIST_KEY_UILaunchScreen_Generation = YES;
				INFOPLIST_KEY_UISupportedInterfaceOrientations_iPad = "UIInterfaceOrientationPortrait UIInterfaceOrientationPortraitUpsideDown UIInterfaceOrientationLandscapeLeft UIInterfaceOrientationLandscapeRight";
				INFOPLIST_KEY_UISupportedInterfaceOrientations_iPhone = "UIInterfaceOrientationPortrait UIInterfaceOrientationLandscapeLeft UIInterfaceOrientationLandscapeRight";
				LD_RUNPATH_SEARCH_PATHS = (
					"$(inherited)",
					"@executable_path/Frameworks",
				);
				MARKETING_VERSION = 1.0;
				PRODUCT_BUNDLE_IDENTIFIER = com.good.KKAMPPAK;
				PRODUCT_NAME = "$(TARGET_NAME)";
				SWIFT_EMIT_LOC_STRINGS = YES;
				SWIFT_VERSION = 5.0;
				TARGETED_DEVICE_FAMILY = "1,2";
			};
			name = Debug;
		};
		BB142F0F2A02082B0080C843 /* Release */ = {
			isa = XCBuildConfiguration;
			buildSettings = {
				ALWAYS_EMBED_SWIFT_STANDARD_LIBRARIES = YES;
				ASSETCATALOG_COMPILER_APPICON_NAME = AppIcon;
				ASSETCATALOG_COMPILER_GLOBAL_ACCENT_COLOR_NAME = AccentColor;
				ASSETCATALOG_COMPILER_INCLUDE_ALL_APPICON_ASSETS = YES;
				CODE_SIGN_ENTITLEMENTS = "MC2-Team4-KKAMPPAK/MC2-Team4-KKAMPPAK.entitlements";
				CODE_SIGN_STYLE = Automatic;
				CURRENT_PROJECT_VERSION = 1;
				DEVELOPMENT_ASSET_PATHS = "\"MC2-Team4-KKAMPPAK/Preview Content\"";
				DEVELOPMENT_TEAM = 8H945XJJGA;
				ENABLE_PREVIEWS = YES;
				GENERATE_INFOPLIST_FILE = YES;
				INFOPLIST_FILE = "MC2-Team4-KKAMPPAK/Info.plist";
				INFOPLIST_KEY_CFBundleDisplayName = KKAMPPAK;
				INFOPLIST_KEY_NSCameraUsageDescription = "";
				INFOPLIST_KEY_UIApplicationSceneManifest_Generation = YES;
				INFOPLIST_KEY_UIApplicationSupportsIndirectInputEvents = YES;
				INFOPLIST_KEY_UILaunchScreen_Generation = YES;
				INFOPLIST_KEY_UISupportedInterfaceOrientations_iPad = "UIInterfaceOrientationPortrait UIInterfaceOrientationPortraitUpsideDown UIInterfaceOrientationLandscapeLeft UIInterfaceOrientationLandscapeRight";
				INFOPLIST_KEY_UISupportedInterfaceOrientations_iPhone = "UIInterfaceOrientationPortrait UIInterfaceOrientationLandscapeLeft UIInterfaceOrientationLandscapeRight";
				LD_RUNPATH_SEARCH_PATHS = (
					"$(inherited)",
					"@executable_path/Frameworks",
				);
				MARKETING_VERSION = 1.0;
				PRODUCT_BUNDLE_IDENTIFIER = com.good.KKAMPPAK;
				PRODUCT_NAME = "$(TARGET_NAME)";
				SWIFT_EMIT_LOC_STRINGS = YES;
				SWIFT_VERSION = 5.0;
				TARGETED_DEVICE_FAMILY = "1,2";
			};
			name = Release;
		};
/* End XCBuildConfiguration section */

/* Begin XCConfigurationList section */
		0ED072F32A13615100272470 /* Build configuration list for PBXNativeTarget "DeviceActivityMonitorExtension" */ = {
			isa = XCConfigurationList;
			buildConfigurations = (
				0ED072F12A13615100272470 /* Debug */,
				0ED072F22A13615100272470 /* Release */,
			);
			defaultConfigurationIsVisible = 0;
			defaultConfigurationName = Release;
		};
		0ED073032A13617E00272470 /* Build configuration list for PBXNativeTarget "ShieldActionExtension" */ = {
			isa = XCConfigurationList;
			buildConfigurations = (
				0ED073042A13617E00272470 /* Debug */,
				0ED073052A13617E00272470 /* Release */,
			);
			defaultConfigurationIsVisible = 0;
			defaultConfigurationName = Release;
		};
		0ED073162A13619300272470 /* Build configuration list for PBXNativeTarget "ShieldConfigurationExtension" */ = {
			isa = XCConfigurationList;
			buildConfigurations = (
				0ED073172A13619300272470 /* Debug */,
				0ED073182A13619300272470 /* Release */,
			);
			defaultConfigurationIsVisible = 0;
			defaultConfigurationName = Release;
		};
		BB142EFA2A0208290080C843 /* Build configuration list for PBXProject "MC2-Team4-KKAMPPAK" */ = {
			isa = XCConfigurationList;
			buildConfigurations = (
				BB142F0B2A02082B0080C843 /* Debug */,
				BB142F0C2A02082B0080C843 /* Release */,
			);
			defaultConfigurationIsVisible = 0;
			defaultConfigurationName = Release;
		};
		BB142F0D2A02082B0080C843 /* Build configuration list for PBXNativeTarget "MC2-Team4-KKAMPPAK" */ = {
			isa = XCConfigurationList;
			buildConfigurations = (
				BB142F0E2A02082B0080C843 /* Debug */,
				BB142F0F2A02082B0080C843 /* Release */,
			);
			defaultConfigurationIsVisible = 0;
			defaultConfigurationName = Release;
		};
/* End XCConfigurationList section */
	};
	rootObject = BB142EF72A0208290080C843 /* Project object */;
}
